
Microsoft Visual Studio Solution File, Format Version 12.00
# Visual Studio Version 17
VisualStudioVersion = 17.8.34004.107
MinimumVisualStudioVersion = 10.0.40219.1
Project("{FAE04EC0-301F-11D3-BF4B-00C04F79EFBC}") = "ProgramasASPRazor", "ProgramasASPRazor\ProgramasASPRazor.csproj", "{FFF5C1C2-4A72-47A5-BBBD-8921025FBD10}"
EndProject
Global
	GlobalSection(SolutionConfigurationPlatforms) = preSolution
		Debug|Any CPU = Debug|Any CPU
		Release|Any CPU = Release|Any CPU
	EndGlobalSection
	GlobalSection(ProjectConfigurationPlatforms) = postSolution
		{FFF5C1C2-4A72-47A5-BBBD-8921025FBD10}.Debug|Any CPU.ActiveCfg = Debug|Any CPU
		{FFF5C1C2-4A72-47A5-BBBD-8921025FBD10}.Debug|Any CPU.Build.0 = Debug|Any CPU
		{FFF5C1C2-4A72-47A5-BBBD-8921025FBD10}.Release|Any CPU.ActiveCfg = Release|Any CPU
		{FFF5C1C2-4A72-47A5-BBBD-8921025FBD10}.Release|Any CPU.Build.0 = Release|Any CPU
	EndGlobalSection
	GlobalSection(SolutionProperties) = preSolution
		HideSolutionNode = FALSE
	EndGlobalSection
	GlobalSection(ExtensibilityGlobals) = postSolution
		SolutionGuid = {2BD10330-C7CD-4B68-8689-9001957BFB6B}
	EndGlobalSection
EndGlobal
